
Microsoft Visual Studio Solution File, Format Version 12.00
# Visual Studio Version 16
VisualStudioVersion = 16.0.30413.136
MinimumVisualStudioVersion = 10.0.40219.1
Project("{8BC9CEB8-8B4A-11D0-8D11-00A0C91BC942}") = "Windows-Kernel-Development", "Windows-Kernel-Development\Windows-Kernel-Development.vcxproj", "{FD81E84F-ED24-4C87-9031-B7775DBB6E2B}"
EndProject
Project("{8BC9CEB8-8B4A-11D0-8D11-00A0C91BC942}") = "Chapter2", "Chapter2\Chapter2.vcxproj", "{B1EDA609-FB7E-47F2-B25A-7FA43FBB8540}"
EndProject
Global
	GlobalSection(SolutionConfigurationPlatforms) = preSolution
		Debug|ARM = Debug|ARM
		Debug|ARM64 = Debug|ARM64
		Debug|x64 = Debug|x64
		Debug|x86 = Debug|x86
		Release|ARM = Release|ARM
		Release|ARM64 = Release|ARM64
		Release|x64 = Release|x64
		Release|x86 = Release|x86
	EndGlobalSection
	GlobalSection(ProjectConfigurationPlatforms) = postSolution
		{FD81E84F-ED24-4C87-9031-B7775DBB6E2B}.Debug|ARM.ActiveCfg = Debug|ARM
		{FD81E84F-ED24-4C87-9031-B7775DBB6E2B}.Debug|ARM.Build.0 = Debug|ARM
		{FD81E84F-ED24-4C87-9031-B7775DBB6E2B}.Debug|ARM.Deploy.0 = Debug|ARM
		{FD81E84F-ED24-4C87-9031-B7775DBB6E2B}.Debug|ARM64.ActiveCfg = Debug|ARM64
		{FD81E84F-ED24-4C87-9031-B7775DBB6E2B}.Debug|ARM64.Build.0 = Debug|ARM64
		{FD81E84F-ED24-4C87-9031-B7775DBB6E2B}.Debug|ARM64.Deploy.0 = Debug|ARM64
		{FD81E84F-ED24-4C87-9031-B7775DBB6E2B}.Debug|x64.ActiveCfg = Debug|x64
		{FD81E84F-ED24-4C87-9031-B7775DBB6E2B}.Debug|x64.Build.0 = Debug|x64
		{FD81E84F-ED24-4C87-9031-B7775DBB6E2B}.Debug|x64.Deploy.0 = Debug|x64
		{FD81E84F-ED24-4C87-9031-B7775DBB6E2B}.Debug|x86.ActiveCfg = Debug|Win32
		{FD81E84F-ED24-4C87-9031-B7775DBB6E2B}.Debug|x86.Build.0 = Debug|Win32
		{FD81E84F-ED24-4C87-9031-B7775DBB6E2B}.Debug|x86.Deploy.0 = Debug|Win32
		{FD81E84F-ED24-4C87-9031-B7775DBB6E2B}.Release|ARM.ActiveCfg = Release|ARM
		{FD81E84F-ED24-4C87-9031-B7775DBB6E2B}.Release|ARM.Build.0 = Release|ARM
		{FD81E84F-ED24-4C87-9031-B7775DBB6E2B}.Release|ARM.Deploy.0 = Release|ARM
		{FD81E84F-ED24-4C87-9031-B7775DBB6E2B}.Release|ARM64.ActiveCfg = Release|ARM64
		{FD81E84F-ED24-4C87-9031-B7775DBB6E2B}.Release|ARM64.Build.0 = Release|ARM64
		{FD81E84F-ED24-4C87-9031-B7775DBB6E2B}.Release|ARM64.Deploy.0 = Release|ARM64
		{FD81E84F-ED24-4C87-9031-B7775DBB6E2B}.Release|x64.ActiveCfg = Release|x64
		{FD81E84F-ED24-4C87-9031-B7775DBB6E2B}.Release|x64.Build.0 = Release|x64
		{FD81E84F-ED24-4C87-9031-B7775DBB6E2B}.Release|x64.Deploy.0 = Release|x64
		{FD81E84F-ED24-4C87-9031-B7775DBB6E2B}.Release|x86.ActiveCfg = Release|Win32
		{FD81E84F-ED24-4C87-9031-B7775DBB6E2B}.Release|x86.Build.0 = Release|Win32
		{FD81E84F-ED24-4C87-9031-B7775DBB6E2B}.Release|x86.Deploy.0 = Release|Win32
		{B1EDA609-FB7E-47F2-B25A-7FA43FBB8540}.Debug|ARM.ActiveCfg = Debug|ARM
		{B1EDA609-FB7E-47F2-B25A-7FA43FBB8540}.Debug|ARM.Build.0 = Debug|ARM
		{B1EDA609-FB7E-47F2-B25A-7FA43FBB8540}.Debug|ARM.Deploy.0 = Debug|ARM
		{B1EDA609-FB7E-47F2-B25A-7FA43FBB8540}.Debug|ARM64.ActiveCfg = Debug|ARM64
		{B1EDA609-FB7E-47F2-B25A-7FA43FBB8540}.Debug|ARM64.Build.0 = Debug|ARM64
		{B1EDA609-FB7E-47F2-B25A-7FA43FBB8540}.Debug|ARM64.Deploy.0 = Debug|ARM64
		{B1EDA609-FB7E-47F2-B25A-7FA43FBB8540}.Debug|x64.ActiveCfg = Debug|x64
		{B1EDA609-FB7E-47F2-B25A-7FA43FBB8540}.Debug|x64.Build.0 = Debug|x64
		{B1EDA609-FB7E-47F2-B25A-7FA43FBB8540}.Debug|x64.Deploy.0 = Debug|x64
		{B1EDA609-FB7E-47F2-B25A-7FA43FBB8540}.Debug|x86.ActiveCfg = Debug|Win32
		{B1EDA609-FB7E-47F2-B25A-7FA43FBB8540}.Debug|x86.Build.0 = Debug|Win32
		{B1EDA609-FB7E-47F2-B25A-7FA43FBB8540}.Debug|x86.Deploy.0 = Debug|Win32
		{B1EDA609-FB7E-47F2-B25A-7FA43FBB8540}.Release|ARM.ActiveCfg = Release|ARM
		{B1EDA609-FB7E-47F2-B25A-7FA43FBB8540}.Release|ARM.Build.0 = Release|ARM
		{B1EDA609-FB7E-47F2-B25A-7FA43FBB8540}.Release|ARM.Deploy.0 = Release|ARM
		{B1EDA609-FB7E-47F2-B25A-7FA43FBB8540}.Release|ARM64.ActiveCfg = Release|ARM64
		{B1EDA609-FB7E-47F2-B25A-7FA43FBB8540}.Release|ARM64.Build.0 = Release|ARM64
		{B1EDA609-FB7E-47F2-B25A-7FA43FBB8540}.Release|ARM64.Deploy.0 = Release|ARM64
		{B1EDA609-FB7E-47F2-B25A-7FA43FBB8540}.Release|x64.ActiveCfg = Release|x64
		{B1EDA609-FB7E-47F2-B25A-7FA43FBB8540}.Release|x64.Build.0 = Release|x64
		{B1EDA609-FB7E-47F2-B25A-7FA43FBB8540}.Release|x64.Deploy.0 = Release|x64
		{B1EDA609-FB7E-47F2-B25A-7FA43FBB8540}.Release|x86.ActiveCfg = Release|Win32
		{B1EDA609-FB7E-47F2-B25A-7FA43FBB8540}.Release|x86.Build.0 = Release|Win32
		{B1EDA609-FB7E-47F2-B25A-7FA43FBB8540}.Release|x86.Deploy.0 = Release|Win32
	EndGlobalSection
	GlobalSection(SolutionProperties) = preSolution
		HideSolutionNode = FALSE
	EndGlobalSection
	GlobalSection(ExtensibilityGlobals) = postSolution
		SolutionGuid = {F03E59CB-B6CA-4B17-95FC-FAB77CC695B7}
	EndGlobalSection
EndGlobal
